// !$*UTF8*$!
{
	archiveVersion = 1;
	classes = {
	};
	objectVersion = 56;
	objects = {

/* Begin PBXBuildFile section */
		AEAB1E4D2B11E8370068D2BD /* LeagueVC.swift in Sources */ = {isa = PBXBuildFile; fileRef = AEAB1E4C2B11E8370068D2BD /* LeagueVC.swift */; };
		AEAB1E4F2B11E8490068D2BD /* SkillVC.swift in Sources */ = {isa = PBXBuildFile; fileRef = AEAB1E4E2B11E8490068D2BD /* SkillVC.swift */; };
		AEAB1E512B12899F0068D2BD /* Player.swift in Sources */ = {isa = PBXBuildFile; fileRef = AEAB1E502B12899F0068D2BD /* Player.swift */; };
		AEF76C172B0F6F2700BE8349 /* AppDelegate.swift in Sources */ = {isa = PBXBuildFile; fileRef = AEF76C162B0F6F2700BE8349 /* AppDelegate.swift */; };
		AEF76C192B0F6F2700BE8349 /* SceneDelegate.swift in Sources */ = {isa = PBXBuildFile; fileRef = AEF76C182B0F6F2700BE8349 /* SceneDelegate.swift */; };
		AEF76C1B2B0F6F2700BE8349 /* WelcomeVC.swift in Sources */ = {isa = PBXBuildFile; fileRef = AEF76C1A2B0F6F2700BE8349 /* WelcomeVC.swift */; };
		AEF76C1E2B0F6F2700BE8349 /* Main.storyboard in Resources */ = {isa = PBXBuildFile; fileRef = AEF76C1C2B0F6F2700BE8349 /* Main.storyboard */; };
		AEF76C202B0F6F2800BE8349 /* Assets.xcassets in Resources */ = {isa = PBXBuildFile; fileRef = AEF76C1F2B0F6F2800BE8349 /* Assets.xcassets */; };
		AEF76C232B0F6F2800BE8349 /* LaunchScreen.storyboard in Resources */ = {isa = PBXBuildFile; fileRef = AEF76C212B0F6F2800BE8349 /* LaunchScreen.storyboard */; };
		AEF76C2C2B0F86B300BE8349 /* BorderButton.swift in Sources */ = {isa = PBXBuildFile; fileRef = AEF76C2B2B0F86B300BE8349 /* BorderButton.swift */; };
/* End PBXBuildFile section */

/* Begin PBXFileReference section */
		AEAB1E4C2B11E8370068D2BD /* LeagueVC.swift */ = {isa = PBXFileReference; lastKnownFileType = sourcecode.swift; path = LeagueVC.swift; sourceTree = "<group>"; };
		AEAB1E4E2B11E8490068D2BD /* SkillVC.swift */ = {isa = PBXFileReference; lastKnownFileType = sourcecode.swift; path = SkillVC.swift; sourceTree = "<group>"; };
		AEAB1E502B12899F0068D2BD /* Player.swift */ = {isa = PBXFileReference; lastKnownFileType = sourcecode.swift; path = Player.swift; sourceTree = "<group>"; };
		AEF76C132B0F6F2700BE8349 /* Swoosh.app */ = {isa = PBXFileReference; explicitFileType = wrapper.application; includeInIndex = 0; path = Swoosh.app; sourceTree = BUILT_PRODUCTS_DIR; };
		AEF76C162B0F6F2700BE8349 /* AppDelegate.swift */ = {isa = PBXFileReference; lastKnownFileType = sourcecode.swift; path = AppDelegate.swift; sourceTree = "<group>"; };
		AEF76C182B0F6F2700BE8349 /* SceneDelegate.swift */ = {isa = PBXFileReference; lastKnownFileType = sourcecode.swift; path = SceneDelegate.swift; sourceTree = "<group>"; };
		AEF76C1A2B0F6F2700BE8349 /* WelcomeVC.swift */ = {isa = PBXFileReference; lastKnownFileType = sourcecode.swift; path = WelcomeVC.swift; sourceTree = "<group>"; };
		AEF76C1D2B0F6F2700BE8349 /* Base */ = {isa = PBXFileReference; lastKnownFileType = file.storyboard; name = Base; path = Base.lproj/Main.storyboard; sourceTree = "<group>"; };
		AEF76C1F2B0F6F2800BE8349 /* Assets.xcassets */ = {isa = PBXFileReference; lastKnownFileType = folder.assetcatalog; path = Assets.xcassets; sourceTree = "<group>"; };
		AEF76C222B0F6F2800BE8349 /* Base */ = {isa = PBXFileReference; lastKnownFileType = file.storyboard; name = Base; path = Base.lproj/LaunchScreen.storyboard; sourceTree = "<group>"; };
		AEF76C242B0F6F2800BE8349 /* Info.plist */ = {isa = PBXFileReference; lastKnownFileType = text.plist.xml; path = Info.plist; sourceTree = "<group>"; };
		AEF76C2B2B0F86B300BE8349 /* BorderButton.swift */ = {isa = PBXFileReference; lastKnownFileType = sourcecode.swift; path = BorderButton.swift; sourceTree = "<group>"; };
/* End PBXFileReference section */

/* Begin PBXFrameworksBuildPhase section */
		AEF76C102B0F6F2700BE8349 /* Frameworks */ = {
			isa = PBXFrameworksBuildPhase;
			buildActionMask = 2147483647;
			files = (
			);
			runOnlyForDeploymentPostprocessing = 0;
		};
/* End PBXFrameworksBuildPhase section */

/* Begin PBXGroup section */
		AEAB1E4A2B11E7C50068D2BD /* Model */ = {
			isa = PBXGroup;
			children = (
				AEAB1E502B12899F0068D2BD /* Player.swift */,
			);
			path = Model;
			sourceTree = "<group>";
		};
		AEAB1E4B2B11E7CA0068D2BD /* Controller */ = {
			isa = PBXGroup;
			children = (
				AEF76C1A2B0F6F2700BE8349 /* WelcomeVC.swift */,
				AEAB1E4C2B11E8370068D2BD /* LeagueVC.swift */,
				AEAB1E4E2B11E8490068D2BD /* SkillVC.swift */,
			);
			path = Controller;
			sourceTree = "<group>";
		};
		AEF76C0A2B0F6F2700BE8349 = {
			isa = PBXGroup;
			children = (
				AEF76C152B0F6F2700BE8349 /* Swoosh */,
				AEF76C142B0F6F2700BE8349 /* Products */,
			);
			sourceTree = "<group>";
		};
		AEF76C142B0F6F2700BE8349 /* Products */ = {
			isa = PBXGroup;
			children = (
				AEF76C132B0F6F2700BE8349 /* Swoosh.app */,
			);
			name = Products;
			sourceTree = "<group>";
		};
		AEF76C152B0F6F2700BE8349 /* Swoosh */ = {
			isa = PBXGroup;
			children = (
				AEAB1E4A2B11E7C50068D2BD /* Model */,
				AEF76C2A2B0F869500BE8349 /* View */,
				AEAB1E4B2B11E7CA0068D2BD /* Controller */,
				AEF76C162B0F6F2700BE8349 /* AppDelegate.swift */,
				AEF76C182B0F6F2700BE8349 /* SceneDelegate.swift */,
				AEF76C1C2B0F6F2700BE8349 /* Main.storyboard */,
				AEF76C1F2B0F6F2800BE8349 /* Assets.xcassets */,
				AEF76C212B0F6F2800BE8349 /* LaunchScreen.storyboard */,
				AEF76C242B0F6F2800BE8349 /* Info.plist */,
			);
			path = Swoosh;
			sourceTree = "<group>";
		};
		AEF76C2A2B0F869500BE8349 /* View */ = {
			isa = PBXGroup;
			children = (
				AEF76C2B2B0F86B300BE8349 /* BorderButton.swift */,
			);
			path = View;
			sourceTree = "<group>";
		};
/* End PBXGroup section */

/* Begin PBXNativeTarget section */
		AEF76C122B0F6F2700BE8349 /* Swoosh */ = {
			isa = PBXNativeTarget;
			buildConfigurationList = AEF76C272B0F6F2800BE8349 /* Build configuration list for PBXNativeTarget "Swoosh" */;
			buildPhases = (
				AEF76C0F2B0F6F2700BE8349 /* Sources */,
				AEF76C102B0F6F2700BE8349 /* Frameworks */,
				AEF76C112B0F6F2700BE8349 /* Resources */,
			);
			buildRules = (
			);
			dependencies = (
			);
			name = Swoosh;
			productName = Swoosh;
			productReference = AEF76C132B0F6F2700BE8349 /* Swoosh.app */;
			productType = "com.apple.product-type.application";
		};
/* End PBXNativeTarget section */

/* Begin PBXProject section */
		AEF76C0B2B0F6F2700BE8349 /* Project object */ = {
			isa = PBXProject;
			attributes = {
				BuildIndependentTargetsInParallel = 1;
				LastSwiftUpdateCheck = 1500;
				LastUpgradeCheck = 1500;
				TargetAttributes = {
					AEF76C122B0F6F2700BE8349 = {
						CreatedOnToolsVersion = 15.0.1;
					};
				};
			};
			buildConfigurationList = AEF76C0E2B0F6F2700BE8349 /* Build configuration list for PBXProject "Swoosh" */;
			compatibilityVersion = "Xcode 14.0";
			developmentRegion = en;
			hasScannedForEncodings = 0;
			knownRegions = (
				en,
				Base,
			);
			mainGroup = AEF76C0A2B0F6F2700BE8349;
			productRefGroup = AEF76C142B0F6F2700BE8349 /* Products */;
			projectDirPath = "";
			projectRoot = "";
			targets = (
				AEF76C122B0F6F2700BE8349 /* Swoosh */,
			);
		};
/* End PBXProject section */

/* Begin PBXResourcesBuildPhase section */
		AEF76C112B0F6F2700BE8349 /* Resources */ = {
			isa = PBXResourcesBuildPhase;
			buildActionMask = 2147483647;
			files = (
				AEF76C232B0F6F2800BE8349 /* LaunchScreen.storyboard in Resources */,
				AEF76C202B0F6F2800BE8349 /* Assets.xcassets in Resources */,
				AEF76C1E2B0F6F2700BE8349 /* Main.storyboard in Resources */,
			);
			runOnlyForDeploymentPostprocessing = 0;
		};
/* End PBXResourcesBuildPhase section */

/* Begin PBXSourcesBuildPhase section */
		AEF76C0F2B0F6F2700BE8349 /* Sources */ = {
			isa = PBXSourcesBuildPhase;
			buildActionMask = 2147483647;
			files = (
				AEAB1E4D2B11E8370068D2BD /* LeagueVC.swift in Sources */,
				AEF76C1B2B0F6F2700BE8349 /* WelcomeVC.swift in Sources */,
				AEF76C172B0F6F2700BE8349 /* AppDelegate.swift in Sources */,
				AEF76C192B0F6F2700BE8349 /* SceneDelegate.swift in Sources */,
				AEAB1E512B12899F0068D2BD /* Player.swift in Sources */,
				AEAB1E4F2B11E8490068D2BD /* SkillVC.swift in Sources */,
				AEF76C2C2B0F86B300BE8349 /* BorderButton.swift in Sources */,
			);
			runOnlyForDeploymentPostprocessing = 0;
		};
/* End PBXSourcesBuildPhase section */

/* Begin PBXVariantGroup section */
		AEF76C1C2B0F6F2700BE8349 /* Main.storyboard */ = {
			isa = PBXVariantGroup;
			children = (
				AEF76C1D2B0F6F2700BE8349 /* Base */,
			);
			name = Main.storyboard;
			sourceTree = "<group>";
		};
		AEF76C212B0F6F2800BE8349 /* LaunchScreen.storyboard */ = {
			isa = PBXVariantGroup;
			children = (
				AEF76C222B0F6F2800BE8349 /* Base */,
			);
			name = LaunchScreen.storyboard;
			sourceTree = "<group>";
		};
/* End PBXVariantGroup section */

/* Begin XCBuildConfiguration section */
		AEF76C252B0F6F2800BE8349 /* Debug */ = {
			isa = XCBuildConfiguration;
			buildSettings = {
				ALWAYS_SEARCH_USER_PATHS = NO;
				ASSETCATALOG_COMPILER_GENERATE_SWIFT_ASSET_SYMBOL_EXTENSIONS = YES;
				CLANG_ANALYZER_NONNULL = YES;
				CLANG_ANALYZER_NUMBER_OBJECT_CONVERSION = YES_AGGRESSIVE;
				CLANG_CXX_LANGUAGE_STANDARD = "gnu++20";
				CLANG_ENABLE_MODULES = YES;
				CLANG_ENABLE_OBJC_ARC = YES;
				CLANG_ENABLE_OBJC_WEAK = YES;
				CLANG_WARN_BLOCK_CAPTURE_AUTORELEASING = YES;
				CLANG_WARN_BOOL_CONVERSION = YES;
				CLANG_WARN_COMMA = YES;
				CLANG_WARN_CONSTANT_CONVERSION = YES;
				CLANG_WARN_DEPRECATED_OBJC_IMPLEMENTATIONS = YES;
				CLANG_WARN_DIRECT_OBJC_ISA_USAGE = YES_ERROR;
				CLANG_WARN_DOCUMENTATION_COMMENTS = YES;
				CLANG_WARN_EMPTY_BODY = YES;
				CLANG_WARN_ENUM_CONVERSION = YES;
				CLANG_WARN_INFINITE_RECURSION = YES;
				CLANG_WARN_INT_CONVERSION = YES;
				CLANG_WARN_NON_LITERAL_NULL_CONVERSION = YES;
				CLANG_WARN_OBJC_IMPLICIT_RETAIN_SELF = YES;
				CLANG_WARN_OBJC_LITERAL_CONVERSION = YES;
				CLANG_WARN_OBJC_ROOT_CLASS = YES_ERROR;
				CLANG_WARN_QUOTED_INCLUDE_IN_FRAMEWORK_HEADER = YES;
				CLANG_WARN_RANGE_LOOP_ANALYSIS = YES;
				CLANG_WARN_STRICT_PROTOTYPES = YES;
				CLANG_WARN_SUSPICIOUS_MOVE = YES;
				CLANG_WARN_UNGUARDED_AVAILABILITY = YES_AGGRESSIVE;
				CLANG_WARN_UNREACHABLE_CODE = YES;
				CLANG_WARN__DUPLICATE_METHOD_MATCH = YES;
				COPY_PHASE_STRIP = NO;
				DEBUG_INFORMATION_FORMAT = dwarf;
				ENABLE_STRICT_OBJC_MSGSEND = YES;
				ENABLE_TESTABILITY = YES;
				ENABLE_USER_SCRIPT_SANDBOXING = YES;
				GCC_C_LANGUAGE_STANDARD = gnu17;
				GCC_DYNAMIC_NO_PIC = NO;
				GCC_NO_COMMON_BLOCKS = YES;
				GCC_OPTIMIZATION_LEVEL = 0;
				GCC_PREPROCESSOR_DEFINITIONS = (
					"DEBUG=1",
					"$(inherited)",
				);
				GCC_WARN_64_TO_32_BIT_CONVERSION = YES;
				GCC_WARN_ABOUT_RETURN_TYPE = YES_ERROR;
				GCC_WARN_UNDECLARED_SELECTOR = YES;
				GCC_WARN_UNINITIALIZED_AUTOS = YES_AGGRESSIVE;
				GCC_WARN_UNUSED_FUNCTION = YES;
				GCC_WARN_UNUSED_VARIABLE = YES;
				IPHONEOS_DEPLOYMENT_TARGET = 17.0;
				LOCALIZATION_PREFERS_STRING_CATALOGS = YES;
				MTL_ENABLE_DEBUG_INFO = INCLUDE_SOURCE;
				MTL_FAST_MATH = YES;
				ONLY_ACTIVE_ARCH = YES;
				SDKROOT = iphoneos;
				SWIFT_ACTIVE_COMPILATION_CONDITIONS = "DEBUG $(inherited)";
				SWIFT_OPTIMIZATION_LEVEL = "-Onone";
			};
			name = Debug;
		};
		AEF76C262B0F6F2800BE8349 /* Release */ = {
			isa = XCBuildConfiguration;
			buildSettings = {
				ALWAYS_SEARCH_USER_PATHS = NO;
				ASSETCATALOG_COMPILER_GENERATE_SWIFT_ASSET_SYMBOL_EXTENSIONS = YES;
				CLANG_ANALYZER_NONNULL = YES;
				CLANG_ANALYZER_NUMBER_OBJECT_CONVERSION = YES_AGGRESSIVE;
				CLANG_CXX_LANGUAGE_STANDARD = "gnu++20";
				CLANG_ENABLE_MODULES = YES;
				CLANG_ENABLE_OBJC_ARC = YES;
				CLANG_ENABLE_OBJC_WEAK = YES;
				CLANG_WARN_BLOCK_CAPTURE_AUTORELEASING = YES;
				CLANG_WARN_BOOL_CONVERSION = YES;
				CLANG_WARN_COMMA = YES;
				CLANG_WARN_CONSTANT_CONVERSION = YES;
				CLANG_WARN_DEPRECATED_OBJC_IMPLEMENTATIONS = YES;
				CLANG_WARN_DIRECT_OBJC_ISA_USAGE = YES_ERROR;
				CLANG_WARN_DOCUMENTATION_COMMENTS = YES;
				CLANG_WARN_EMPTY_BODY = YES;
				CLANG_WARN_ENUM_CONVERSION = YES;
				CLANG_WARN_INFINITE_RECURSION = YES;
				CLANG_WARN_INT_CONVERSION = YES;
				CLANG_WARN_NON_LITERAL_NULL_CONVERSION = YES;
				CLANG_WARN_OBJC_IMPLICIT_RETAIN_SELF = YES;
				CLANG_WARN_OBJC_LITERAL_CONVERSION = YES;
				CLANG_WARN_OBJC_ROOT_CLASS = YES_ERROR;
				CLANG_WARN_QUOTED_INCLUDE_IN_FRAMEWORK_HEADER = YES;
				CLANG_WARN_RANGE_LOOP_ANALYSIS = YES;
				CLANG_WARN_STRICT_PROTOTYPES = YES;
				CLANG_WARN_SUSPICIOUS_MOVE = YES;
				CLANG_WARN_UNGUARDED_AVAILABILITY = YES_AGGRESSIVE;
				CLANG_WARN_UNREACHABLE_CODE = YES;
				CLANG_WARN__DUPLICATE_METHOD_MATCH = YES;
				COPY_PHASE_STRIP = NO;
				DEBUG_INFORMATION_FORMAT = "dwarf-with-dsym";
				ENABLE_NS_ASSERTIONS = NO;
				ENABLE_STRICT_OBJC_MSGSEND = YES;
				ENABLE_USER_SCRIPT_SANDBOXING = YES;
				GCC_C_LANGUAGE_STANDARD = gnu17;
				GCC_NO_COMMON_BLOCKS = YES;
				GCC_WARN_64_TO_32_BIT_CONVERSION = YES;
				GCC_WARN_ABOUT_RETURN_TYPE = YES_ERROR;
				GCC_WARN_UNDECLARED_SELECTOR = YES;
				GCC_WARN_UNINITIALIZED_AUTOS = YES_AGGRESSIVE;
				GCC_WARN_UNUSED_FUNCTION = YES;
				GCC_WARN_UNUSED_VARIABLE = YES;
				IPHONEOS_DEPLOYMENT_TARGET = 17.0;
				LOCALIZATION_PREFERS_STRING_CATALOGS = YES;
				MTL_ENABLE_DEBUG_INFO = NO;
				MTL_FAST_MATH = YES;
				SDKROOT = iphoneos;
				SWIFT_COMPILATION_MODE = wholemodule;
				VALIDATE_PRODUCT = YES;
			};
			name = Release;
		};
		AEF76C282B0F6F2800BE8349 /* Debug */ = {
			isa = XCBuildConfiguration;
			buildSettings = {
				ASSETCATALOG_COMPILER_APPICON_NAME = AppIcon;
				ASSETCATALOG_COMPILER_GLOBAL_ACCENT_COLOR_NAME = AccentColor;
				CODE_SIGN_STYLE = Automatic;
				CURRENT_PROJECT_VERSION = 1;
				DEVELOPMENT_TEAM = 4V2B9B66RL;
				GENERATE_INFOPLIST_FILE = YES;
				INFOPLIST_FILE = Swoosh/Info.plist;
				INFOPLIST_KEY_UIApplicationSupportsIndirectInputEvents = YES;
				INFOPLIST_KEY_UILaunchStoryboardName = LaunchScreen;
				INFOPLIST_KEY_UIMainStoryboardFile = Main;
				INFOPLIST_KEY_UISupportedInterfaceOrientations_iPad = "UIInterfaceOrientationPortrait UIInterfaceOrientationPortraitUpsideDown UIInterfaceOrientationLandscapeLeft UIInterfaceOrientationLandscapeRight";
				INFOPLIST_KEY_UISupportedInterfaceOrientations_iPhone = "UIInterfaceOrientationPortrait UIInterfaceOrientationLandscapeLeft UIInterfaceOrientationLandscapeRight";
				IPHONEOS_DEPLOYMENT_TARGET = 13.0;
				LD_RUNPATH_SEARCH_PATHS = (
					"$(inherited)",
					"@executable_path/Frameworks",
				);
				MARKETING_VERSION = 1.0;
				PRODUCT_BUNDLE_IDENTIFIER = com.sarkhel.Swoosh;
				PRODUCT_NAME = "$(TARGET_NAME)";
				SWIFT_EMIT_LOC_STRINGS = YES;
				SWIFT_VERSION = 5.0;
				TARGETED_DEVICE_FAMILY = "1,2";
			};
			name = Debug;
		};
		AEF76C292B0F6F2800BE8349 /* Release */ = {
			isa = XCBuildConfiguration;
			buildSettings = {
				ASSETCATALOG_COMPILER_APPICON_NAME = AppIcon;
				ASSETCATALOG_COMPILER_GLOBAL_ACCENT_COLOR_NAME = AccentColor;
				CODE_SIGN_STYLE = Automatic;
				CURRENT_PROJECT_VERSION = 1;
				DEVELOPMENT_TEAM = 4V2B9B66RL;
				GENERATE_INFOPLIST_FILE = YES;
				INFOPLIST_FILE = Swoosh/Info.plist;
				INFOPLIST_KEY_UIApplicationSupportsIndirectInputEvents = YES;
				INFOPLIST_KEY_UILaunchStoryboardName = LaunchScreen;
				INFOPLIST_KEY_UIMainStoryboardFile = Main;
				INFOPLIST_KEY_UISupportedInterfaceOrientations_iPad = "UIInterfaceOrientationPortrait UIInterfaceOrientationPortraitUpsideDown UIInterfaceOrientationLandscapeLeft UIInterfaceOrientationLandscapeRight";
				INFOPLIST_KEY_UISupportedInterfaceOrientations_iPhone = "UIInterfaceOrientationPortrait UIInterfaceOrientationLandscapeLeft UIInterfaceOrientationLandscapeRight";
				IPHONEOS_DEPLOYMENT_TARGET = 13.0;
				LD_RUNPATH_SEARCH_PATHS = (
					"$(inherited)",
					"@executable_path/Frameworks",
				);
				MARKETING_VERSION = 1.0;
				PRODUCT_BUNDLE_IDENTIFIER = com.sarkhel.Swoosh;
				PRODUCT_NAME = "$(TARGET_NAME)";
				SWIFT_EMIT_LOC_STRINGS = YES;
				SWIFT_VERSION = 5.0;
				TARGETED_DEVICE_FAMILY = "1,2";
			};
			name = Release;
		};
/* End XCBuildConfiguration section */

/* Begin XCConfigurationList section */
		AEF76C0E2B0F6F2700BE8349 /* Build configuration list for PBXProject "Swoosh" */ = {
			isa = XCConfigurationList;
			buildConfigurations = (
				AEF76C252B0F6F2800BE8349 /* Debug */,
				AEF76C262B0F6F2800BE8349 /* Release */,
			);
			defaultConfigurationIsVisible = 0;
			defaultConfigurationName = Release;
		};
		AEF76C272B0F6F2800BE8349 /* Build configuration list for PBXNativeTarget "Swoosh" */ = {
			isa = XCConfigurationList;
			buildConfigurations = (
				AEF76C282B0F6F2800BE8349 /* Debug */,
				AEF76C292B0F6F2800BE8349 /* Release */,
			);
			defaultConfigurationIsVisible = 0;
			defaultConfigurationName = Release;
		};
/* End XCConfigurationList section */
	};
	rootObject = AEF76C0B2B0F6F2700BE8349 /* Project object */;
}
